
Microsoft Visual Studio Solution File, Format Version 12.00
# Visual Studio Version 16
VisualStudioVersion = 16.0.30309.148
MinimumVisualStudioVersion = 10.0.40219.1
Project("{FAE04EC0-301F-11D3-BF4B-00C04F79EFBC}") = "ICT", "ICT\ICT.csproj", "{ADA85E3B-5E53-4C4E-AF48-3E108CF6C07D}"
EndProject
Project("{FAE04EC0-301F-11D3-BF4B-00C04F79EFBC}") = "DataLayer", "DataLayer\DataLayer.csproj", "{EF771E7E-52A9-42EF-8E90-A52BF088A3CC}"
EndProject
Global
	GlobalSection(SolutionConfigurationPlatforms) = preSolution
		Debug|Any CPU = Debug|Any CPU
		Release|Any CPU = Release|Any CPU
	EndGlobalSection
	GlobalSection(ProjectConfigurationPlatforms) = postSolution
		{ADA85E3B-5E53-4C4E-AF48-3E108CF6C07D}.Debug|Any CPU.ActiveCfg = Debug|Any CPU
		{ADA85E3B-5E53-4C4E-AF48-3E108CF6C07D}.Debug|Any CPU.Build.0 = Debug|Any CPU
		{ADA85E3B-5E53-4C4E-AF48-3E108CF6C07D}.Release|Any CPU.ActiveCfg = Release|Any CPU
		{ADA85E3B-5E53-4C4E-AF48-3E108CF6C07D}.Release|Any CPU.Build.0 = Release|Any CPU
		{EF771E7E-52A9-42EF-8E90-A52BF088A3CC}.Debug|Any CPU.ActiveCfg = Debug|Any CPU
		{EF771E7E-52A9-42EF-8E90-A52BF088A3CC}.Debug|Any CPU.Build.0 = Debug|Any CPU
		{EF771E7E-52A9-42EF-8E90-A52BF088A3CC}.Release|Any CPU.ActiveCfg = Release|Any CPU
		{EF771E7E-52A9-42EF-8E90-A52BF088A3CC}.Release|Any CPU.Build.0 = Release|Any CPU
	EndGlobalSection
	GlobalSection(SolutionProperties) = preSolution
		HideSolutionNode = FALSE
	EndGlobalSection
	GlobalSection(ExtensibilityGlobals) = postSolution
		SolutionGuid = {C2787219-F722-49CB-A09A-B4F86D0E11C1}
	EndGlobalSection
EndGlobal
